
Microsoft Visual Studio Solution File, Format Version 12.00
# Visual Studio Version 17
VisualStudioVersion = 17.5.002.0
MinimumVisualStudioVersion = 10.0.40219.1
Project("{9A19103F-16F7-4668-BE54-9A1E7A4F7556}") = "PF2 Javier Rodriguez", "PF2 Javier Rodriguez.csproj", "{ED04A56D-A5FD-4B36-9EA9-471E9B89A793}"
EndProject
Global
	GlobalSection(SolutionConfigurationPlatforms) = preSolution
		Debug|Any CPU = Debug|Any CPU
		Release|Any CPU = Release|Any CPU
	EndGlobalSection
	GlobalSection(ProjectConfigurationPlatforms) = postSolution
		{ED04A56D-A5FD-4B36-9EA9-471E9B89A793}.Debug|Any CPU.ActiveCfg = Debug|Any CPU
		{ED04A56D-A5FD-4B36-9EA9-471E9B89A793}.Debug|Any CPU.Build.0 = Debug|Any CPU
		{ED04A56D-A5FD-4B36-9EA9-471E9B89A793}.Release|Any CPU.ActiveCfg = Release|Any CPU
		{ED04A56D-A5FD-4B36-9EA9-471E9B89A793}.Release|Any CPU.Build.0 = Release|Any CPU
	EndGlobalSection
	GlobalSection(SolutionProperties) = preSolution
		HideSolutionNode = FALSE
	EndGlobalSection
	GlobalSection(ExtensibilityGlobals) = postSolution
		SolutionGuid = {1EBA96D2-C9DD-4F28-82A7-C35599ADC87E}
	EndGlobalSection
EndGlobal
